{
    "_meta": {
        "hash": {
            "sha256": "5ffeeb7b09a0ef77a5e8873942a61515a35e2507f3555531b633af656efd183e"
        },
        "pipfile-spec": 6,
        "requires": {
            "python_version": "3.9"
        },
        "sources": [
            {
                "name": "pypi",
                "url": "https://pypi.org/simple",
                "verify_ssl": true
            }
        ]
    },
    "default": {
        "asgiref": {
            "hashes": [
                "sha256:89b2ef2247e3b562a16eef663bc0e2e703ec6468e2fa8a5cd61cd449786d4f6e",
                "sha256:9e0ce3aa93a819ba5b45120216b23878cf6e8525eb3848653452b4192b92afed"
            ],
            "markers": "python_version >= '3.7'",
            "version": "==3.7.2"
        },
        "astroid": {
            "hashes": [
                "sha256:1defdbca052635dd29657ea674edfc45e4b5be9cd53630c5b084fcfed94344a8",
                "sha256:f2510e7fdcd6cfda4ec50014726d4857abf79acfc010084ce8c26091913f1b25"
            ],
            "markers": "python_full_version >= '3.8.0'",
            "version": "==3.0.0"
        },
        "autopep8": {
            "hashes": [
                "sha256:067959ca4a07b24dbd5345efa8325f5f58da4298dab0dde0443d5ed765de80cb",
                "sha256:2913064abd97b3419d1cc83ea71f042cb821f87e45b9c88cad5ad3c4ea87fe0c"
            ],
            "index": "pypi",
            "version": "==2.0.4"
        },
        "django": {
            "hashes": [
                "sha256:08f41f468b63335aea0d904c5729e0250300f6a1907bf293a65499496cdbc68f",
                "sha256:a64d2487cdb00ad7461434320ccc38e60af9c404773a2f95ab0093b4453a3215"
            ],
            "index": "pypi",
            "version": "==4.2.6"
        },
        "django-cors-headers": {
            "hashes": [
                "sha256:25aabc94d4837678c1edf442c7f68a5f5fd151f6767b0e0b01c61a2179d02711",
                "sha256:bd36c7aea0d070e462f3383f0dc9ef717e5fdc2b10a99c98c285f16da84ffba2"
            ],
            "index": "pypi",
            "version": "==4.3.0"
        },
        "djangorestframework": {
            "hashes": [
                "sha256:579a333e6256b09489cbe0a067e66abe55c6595d8926be6b99423786334350c8",
                "sha256:eb63f58c9f218e1a7d064d17a70751f528ed4e1d35547fdade9aaf4cd103fd08"
            ],
            "index": "pypi",
            "version": "==3.14.0"
        },
        "isort": {
            "hashes": [
                "sha256:8bef7dde241278824a6d83f44a544709b065191b95b6e50894bdc722fcba0504",
                "sha256:f84c2818376e66cf843d497486ea8fed8700b340f308f076c6fb1229dff318b6"
            ],
            "markers": "python_full_version >= '3.8.0'",
            "version": "==5.12.0"
        },
        "mccabe": {
            "hashes": [
                "sha256:348e0240c33b60bbdf4e523192ef919f28cb2c3d7d5c7794f74009290f236325",
                "sha256:6c2d30ab6be0e4a46919781807b4f0d834ebdd6c6e3dca0bda5a15f863427b6e"
            ],
            "markers": "python_version >= '3.6'",
            "version": "==0.7.0"
        },
        "pycodestyle": {
            "hashes": [
                "sha256:41ba0e7afc9752dfb53ced5489e89f8186be00e599e712660695b7a75ff2663f",
                "sha256:44fe31000b2d866f2e41841b18528a505fbd7fef9017b04eff4e2648a0fadc67"
            ],
            "markers": "python_version >= '3.8'",
            "version": "==2.11.1"
        },
        "pylint": {
            "hashes": [
                "sha256:2bf4bd58d6d5d87174fbc9d1d134a9aeee852d4dc29cbd422a7015772770bc63",
                "sha256:ee80c7af4f127b2a480d83010c9f0e97beb8eaa652b78c2837d3ed30b12e1182"
            ],
            "index": "pypi",
            "version": "==2.3.0"
        },
        "pylint-django": {
            "hashes": [
                "sha256:0ac090d106c62fe33782a1d01bda1610b761bb1c9bf5035ced9d5f23a13d8591",
                "sha256:56b12b6adf56d548412445bd35483034394a1a94901c3f8571980a13882299d5"
            ],
            "index": "pypi",
            "version": "==2.5.3"
        },
        "pylint-plugin-utils": {
            "hashes": [
                "sha256:ae11664737aa2effbf26f973a9e0b6779ab7106ec0adc5fe104b0907ca04e507",
                "sha256:d3cebf68a38ba3fba23a873809155562571386d4c1b03e5b4c4cc26c3eee93e4"
            ],
            "markers": "python_version >= '3.7' and python_version < '4.0'",
            "version": "==0.8.2"
        },
        "pytz": {
            "hashes": [
                "sha256:7b4fddbeb94a1eba4b557da24f19fdf9db575192544270a9101d8509f9f43d7b",
                "sha256:ce42d816b81b68506614c11e8937d3aa9e41007ceb50bfdcb0749b921bf646c7"
            ],
            "version": "==2023.3.post1"
        },
        "sqlparse": {
            "hashes": [
                "sha256:5430a4fe2ac7d0f93e66f1efc6e1338a41884b7ddf2a350cedd20ccc4d9d28f3",
                "sha256:d446183e84b8349fa3061f0fe7f06ca94ba65b426946ffebe6e3e8295332420c"
            ],
            "markers": "python_version >= '3.5'",
            "version": "==0.4.4"
        },
        "tomli": {
            "hashes": [
                "sha256:939de3e7a6161af0c887ef91b7d41a53e7c5a1ca976325f429cb46ea9bc30ecc",
                "sha256:de526c12914f0c550d15924c62d72abc48d6fe7364aa87328337a31007fe8a4f"
            ],
            "markers": "python_version < '3.11'",
            "version": "==2.0.1"
        },
        "typing-extensions": {
            "hashes": [
                "sha256:8f92fc8806f9a6b641eaa5318da32b44d401efaac0f6678c9bc448ba3605faa0",
                "sha256:df8e4339e9cb77357558cbdbceca33c303714cf861d1eef15e1070055ae8b7ef"
            ],
            "markers": "python_version < '3.10'",
            "version": "==4.8.0"
        }
    },
    "develop": {}
}
